
Microsoft Visual Studio Solution File, Format Version 12.00
# Visual Studio Version 16
VisualStudioVersion = 25.0.1704.0
MinimumVisualStudioVersion = 10.0.40219.1
Project("{FAE04EC0-301F-11D3-BF4B-00C04F79EFBC}") = "SumVals", "SumVals\SumVals.csproj", "{CFCA2602-4824-4C27-A77D-87EB3CAE4ED7}"
EndProject
Global
	GlobalSection(SolutionConfigurationPlatforms) = preSolution
		Debug|Any CPU = Debug|Any CPU
		Release|Any CPU = Release|Any CPU
	EndGlobalSection
	GlobalSection(ProjectConfigurationPlatforms) = postSolution
		{CFCA2602-4824-4C27-A77D-87EB3CAE4ED7}.Debug|Any CPU.ActiveCfg = Debug|Any CPU
		{CFCA2602-4824-4C27-A77D-87EB3CAE4ED7}.Debug|Any CPU.Build.0 = Debug|Any CPU
		{CFCA2602-4824-4C27-A77D-87EB3CAE4ED7}.Release|Any CPU.ActiveCfg = Release|Any CPU
		{CFCA2602-4824-4C27-A77D-87EB3CAE4ED7}.Release|Any CPU.Build.0 = Release|Any CPU
	EndGlobalSection
	GlobalSection(SolutionProperties) = preSolution
		HideSolutionNode = FALSE
	EndGlobalSection
	GlobalSection(ExtensibilityGlobals) = postSolution
		SolutionGuid = {2F93D52E-CF49-48F4-9B6A-EFAC0098DE34}
	EndGlobalSection
EndGlobal
