
Microsoft Visual Studio Solution File, Format Version 12.00
# Visual Studio Version 16
VisualStudioVersion = 25.0.1704.0
MinimumVisualStudioVersion = 10.0.40219.1
Project("{FAE04EC0-301F-11D3-BF4B-00C04F79EFBC}") = "EnumTest", "EnumTest\EnumTest.csproj", "{17FFB4EA-033E-4150-AD14-3898012F4D07}"
EndProject
Global
	GlobalSection(SolutionConfigurationPlatforms) = preSolution
		Debug|Any CPU = Debug|Any CPU
		Release|Any CPU = Release|Any CPU
	EndGlobalSection
	GlobalSection(ProjectConfigurationPlatforms) = postSolution
		{17FFB4EA-033E-4150-AD14-3898012F4D07}.Debug|Any CPU.ActiveCfg = Debug|Any CPU
		{17FFB4EA-033E-4150-AD14-3898012F4D07}.Debug|Any CPU.Build.0 = Debug|Any CPU
		{17FFB4EA-033E-4150-AD14-3898012F4D07}.Release|Any CPU.ActiveCfg = Release|Any CPU
		{17FFB4EA-033E-4150-AD14-3898012F4D07}.Release|Any CPU.Build.0 = Release|Any CPU
	EndGlobalSection
	GlobalSection(SolutionProperties) = preSolution
		HideSolutionNode = FALSE
	EndGlobalSection
	GlobalSection(ExtensibilityGlobals) = postSolution
		SolutionGuid = {29002494-E7A7-42D0-81DD-65141AE5C971}
	EndGlobalSection
EndGlobal
