
Microsoft Visual Studio Solution File, Format Version 12.00
# Visual Studio Version 16
VisualStudioVersion = 25.0.1704.0
MinimumVisualStudioVersion = 10.0.40219.1
Project("{FAE04EC0-301F-11D3-BF4B-00C04F79EFBC}") = "typeConvert", "typeConvert\typeConvert.csproj", "{81A29BF9-C9F2-4597-B038-34B060E40F34}"
EndProject
Global
	GlobalSection(SolutionConfigurationPlatforms) = preSolution
		Debug|Any CPU = Debug|Any CPU
		Release|Any CPU = Release|Any CPU
	EndGlobalSection
	GlobalSection(ProjectConfigurationPlatforms) = postSolution
		{81A29BF9-C9F2-4597-B038-34B060E40F34}.Debug|Any CPU.ActiveCfg = Debug|Any CPU
		{81A29BF9-C9F2-4597-B038-34B060E40F34}.Debug|Any CPU.Build.0 = Debug|Any CPU
		{81A29BF9-C9F2-4597-B038-34B060E40F34}.Release|Any CPU.ActiveCfg = Release|Any CPU
		{81A29BF9-C9F2-4597-B038-34B060E40F34}.Release|Any CPU.Build.0 = Release|Any CPU
	EndGlobalSection
	GlobalSection(SolutionProperties) = preSolution
		HideSolutionNode = FALSE
	EndGlobalSection
	GlobalSection(ExtensibilityGlobals) = postSolution
		SolutionGuid = {B9D6BBAB-5470-415D-A9CE-A30E3F197B24}
	EndGlobalSection
EndGlobal
